<?xml version="1.0" encoding="utf-8"?>
<Project ToolsVersion="16.0" xmlns="http://schemas.microsoft.com/developer/msbuild/2003">
  <ItemGroup>
    <ClInclude Include="C:\Program Files (x86)\Crytek\CRYENGINE Launcher\Crytek\CRYENGINE_5.6\Code\CryEngine\CryCommon\CryCore\Platform\platform.h">
      <Filter>Header Files</Filter>
    </ClInclude>
  </ItemGroup>
  <ItemGroup>
    <CustomBuild Include="C:\Users\josep\Documents\CRYENGINE Projects\Super Natural Plaza\Code\CMakeLists.txt" />
  </ItemGroup>
  <ItemGroup>
    <Filter Include="Header Files">
      <UniqueIdentifier>{FD03EE16-87DD-37EF-B569-90CA3E391FAB}</UniqueIdentifier>
    </Filter>
  </ItemGroup>
</Project>
